// !$*UTF8*$!
{
	archiveVersion = 1;
	classes = {
	};
	objectVersion = 56;
	objects = {

/* Begin PBXBuildFile section */
		99E9548C293D9680004A81A4 /* AppDelegate.swift in Sources */ = {isa = PBXBuildFile; fileRef = 99E9548B293D9680004A81A4 /* AppDelegate.swift */; };
		99E9548E293D9680004A81A4 /* SceneDelegate.swift in Sources */ = {isa = PBXBuildFile; fileRef = 99E9548D293D9680004A81A4 /* SceneDelegate.swift */; };
		99E95490293D9680004A81A4 /* GitHubListViewController.swift in Sources */ = {isa = PBXBuildFile; fileRef = 99E9548F293D9680004A81A4 /* GitHubListViewController.swift */; };
		99E95493293D9680004A81A4 /* GitHubList.storyboard in Resources */ = {isa = PBXBuildFile; fileRef = 99E95491293D9680004A81A4 /* GitHubList.storyboard */; };
		99E95495293D9682004A81A4 /* Assets.xcassets in Resources */ = {isa = PBXBuildFile; fileRef = 99E95494293D9682004A81A4 /* Assets.xcassets */; };
		99E95498293D9682004A81A4 /* LaunchScreen.storyboard in Resources */ = {isa = PBXBuildFile; fileRef = 99E95496293D9682004A81A4 /* LaunchScreen.storyboard */; };
		99E954C5293DA6DB004A81A4 /* RepositoryTableViewCell.swift in Sources */ = {isa = PBXBuildFile; fileRef = 99E954C3293DA6DB004A81A4 /* RepositoryTableViewCell.swift */; };
		99E954C6293DA6DB004A81A4 /* RepositoryTableViewCell.xib in Resources */ = {isa = PBXBuildFile; fileRef = 99E954C4293DA6DB004A81A4 /* RepositoryTableViewCell.xib */; };
		99E954CB293DC5E3004A81A4 /* Alamofire in Frameworks */ = {isa = PBXBuildFile; productRef = 99E954CA293DC5E3004A81A4 /* Alamofire */; };
		99E954CE293DC6A4004A81A4 /* GitHubAPIClient.swift in Sources */ = {isa = PBXBuildFile; fileRef = 99E954CD293DC6A4004A81A4 /* GitHubAPIClient.swift */; };
		99E954D5293DCC51004A81A4 /* Repository.swift in Sources */ = {isa = PBXBuildFile; fileRef = 99E954D4293DCC51004A81A4 /* Repository.swift */; };
		99E954D7293DCC77004A81A4 /* SearchResult.swift in Sources */ = {isa = PBXBuildFile; fileRef = 99E954D6293DCC77004A81A4 /* SearchResult.swift */; };
/* End PBXBuildFile section */

/* Begin PBXFileReference section */
		99E95488293D9680004A81A4 /* GitHubViewApp.app */ = {isa = PBXFileReference; explicitFileType = wrapper.application; includeInIndex = 0; path = GitHubViewApp.app; sourceTree = BUILT_PRODUCTS_DIR; };
		99E9548B293D9680004A81A4 /* AppDelegate.swift */ = {isa = PBXFileReference; lastKnownFileType = sourcecode.swift; path = AppDelegate.swift; sourceTree = "<group>"; };
		99E9548D293D9680004A81A4 /* SceneDelegate.swift */ = {isa = PBXFileReference; lastKnownFileType = sourcecode.swift; path = SceneDelegate.swift; sourceTree = "<group>"; };
		99E9548F293D9680004A81A4 /* GitHubListViewController.swift */ = {isa = PBXFileReference; lastKnownFileType = sourcecode.swift; path = GitHubListViewController.swift; sourceTree = "<group>"; };
		99E95492293D9680004A81A4 /* Base */ = {isa = PBXFileReference; lastKnownFileType = file.storyboard; name = Base; path = Base.lproj/GitHubList.storyboard; sourceTree = "<group>"; };
		99E95494293D9682004A81A4 /* Assets.xcassets */ = {isa = PBXFileReference; lastKnownFileType = folder.assetcatalog; path = Assets.xcassets; sourceTree = "<group>"; };
		99E95497293D9682004A81A4 /* Base */ = {isa = PBXFileReference; lastKnownFileType = file.storyboard; name = Base; path = Base.lproj/LaunchScreen.storyboard; sourceTree = "<group>"; };
		99E95499293D9682004A81A4 /* Info.plist */ = {isa = PBXFileReference; lastKnownFileType = text.plist.xml; path = Info.plist; sourceTree = "<group>"; };
		99E954C3293DA6DB004A81A4 /* RepositoryTableViewCell.swift */ = {isa = PBXFileReference; lastKnownFileType = sourcecode.swift; path = RepositoryTableViewCell.swift; sourceTree = "<group>"; };
		99E954C4293DA6DB004A81A4 /* RepositoryTableViewCell.xib */ = {isa = PBXFileReference; lastKnownFileType = file.xib; path = RepositoryTableViewCell.xib; sourceTree = "<group>"; };
		99E954CD293DC6A4004A81A4 /* GitHubAPIClient.swift */ = {isa = PBXFileReference; lastKnownFileType = sourcecode.swift; path = GitHubAPIClient.swift; sourceTree = "<group>"; };
		99E954D4293DCC51004A81A4 /* Repository.swift */ = {isa = PBXFileReference; lastKnownFileType = sourcecode.swift; path = Repository.swift; sourceTree = "<group>"; };
		99E954D6293DCC77004A81A4 /* SearchResult.swift */ = {isa = PBXFileReference; lastKnownFileType = sourcecode.swift; path = SearchResult.swift; sourceTree = "<group>"; };
/* End PBXFileReference section */

/* Begin PBXFrameworksBuildPhase section */
		99E95485293D9680004A81A4 /* Frameworks */ = {
			isa = PBXFrameworksBuildPhase;
			buildActionMask = 2147483647;
			files = (
				99E954CB293DC5E3004A81A4 /* Alamofire in Frameworks */,
			);
			runOnlyForDeploymentPostprocessing = 0;
		};
/* End PBXFrameworksBuildPhase section */

/* Begin PBXGroup section */
		99E9547F293D9680004A81A4 = {
			isa = PBXGroup;
			children = (
				99E9548A293D9680004A81A4 /* GitHubViewApp */,
				99E95489293D9680004A81A4 /* Products */,
			);
			sourceTree = "<group>";
		};
		99E95489293D9680004A81A4 /* Products */ = {
			isa = PBXGroup;
			children = (
				99E95488293D9680004A81A4 /* GitHubViewApp.app */,
			);
			name = Products;
			sourceTree = "<group>";
		};
		99E9548A293D9680004A81A4 /* GitHubViewApp */ = {
			isa = PBXGroup;
			children = (
				99E954D3293DCC3C004A81A4 /* Codable */,
				99E954CC293DC67C004A81A4 /* API */,
				99E954A0293D9CC5004A81A4 /* ViewController */,
				99E9549F293D9CAD004A81A4 /* View */,
				99E9548B293D9680004A81A4 /* AppDelegate.swift */,
				99E9548D293D9680004A81A4 /* SceneDelegate.swift */,
				99E95494293D9682004A81A4 /* Assets.xcassets */,
				99E95496293D9682004A81A4 /* LaunchScreen.storyboard */,
				99E95499293D9682004A81A4 /* Info.plist */,
			);
			path = GitHubViewApp;
			sourceTree = "<group>";
		};
		99E9549F293D9CAD004A81A4 /* View */ = {
			isa = PBXGroup;
			children = (
				99E954C7293DA6F8004A81A4 /* Xib */,
				99E95491293D9680004A81A4 /* GitHubList.storyboard */,
			);
			path = View;
			sourceTree = "<group>";
		};
		99E954A0293D9CC5004A81A4 /* ViewController */ = {
			isa = PBXGroup;
			children = (
				99E9548F293D9680004A81A4 /* GitHubListViewController.swift */,
			);
			path = ViewController;
			sourceTree = "<group>";
		};
		99E954C7293DA6F8004A81A4 /* Xib */ = {
			isa = PBXGroup;
			children = (
				99E954C8293DA735004A81A4 /* RepositoryTableViewCell */,
			);
			path = Xib;
			sourceTree = "<group>";
		};
		99E954C8293DA735004A81A4 /* RepositoryTableViewCell */ = {
			isa = PBXGroup;
			children = (
				99E954C3293DA6DB004A81A4 /* RepositoryTableViewCell.swift */,
				99E954C4293DA6DB004A81A4 /* RepositoryTableViewCell.xib */,
			);
			path = RepositoryTableViewCell;
			sourceTree = "<group>";
		};
		99E954CC293DC67C004A81A4 /* API */ = {
			isa = PBXGroup;
			children = (
				99E954CD293DC6A4004A81A4 /* GitHubAPIClient.swift */,
			);
			path = API;
			sourceTree = "<group>";
		};
		99E954D3293DCC3C004A81A4 /* Codable */ = {
			isa = PBXGroup;
			children = (
				99E954D4293DCC51004A81A4 /* Repository.swift */,
				99E954D6293DCC77004A81A4 /* SearchResult.swift */,
			);
			path = Codable;
			sourceTree = "<group>";
		};
/* End PBXGroup section */

/* Begin PBXNativeTarget section */
		99E95487293D9680004A81A4 /* GitHubViewApp */ = {
			isa = PBXNativeTarget;
			buildConfigurationList = 99E9549C293D9682004A81A4 /* Build configuration list for PBXNativeTarget "GitHubViewApp" */;
			buildPhases = (
				99E95484293D9680004A81A4 /* Sources */,
				99E95485293D9680004A81A4 /* Frameworks */,
				99E95486293D9680004A81A4 /* Resources */,
			);
			buildRules = (
			);
			dependencies = (
			);
			name = GitHubViewApp;
			packageProductDependencies = (
				99E954CA293DC5E3004A81A4 /* Alamofire */,
			);
			productName = GitHubViewApp;
			productReference = 99E95488293D9680004A81A4 /* GitHubViewApp.app */;
			productType = "com.apple.product-type.application";
		};
/* End PBXNativeTarget section */

/* Begin PBXProject section */
		99E95480293D9680004A81A4 /* Project object */ = {
			isa = PBXProject;
			attributes = {
				BuildIndependentTargetsInParallel = 1;
				LastSwiftUpdateCheck = 1410;
				LastUpgradeCheck = 1410;
				TargetAttributes = {
					99E95487293D9680004A81A4 = {
						CreatedOnToolsVersion = 14.1;
					};
				};
			};
			buildConfigurationList = 99E95483293D9680004A81A4 /* Build configuration list for PBXProject "GitHubViewApp" */;
			compatibilityVersion = "Xcode 14.0";
			developmentRegion = en;
			hasScannedForEncodings = 0;
			knownRegions = (
				en,
				Base,
			);
			mainGroup = 99E9547F293D9680004A81A4;
			packageReferences = (
				99E954C9293DC5E3004A81A4 /* XCRemoteSwiftPackageReference "Alamofire" */,
			);
			productRefGroup = 99E95489293D9680004A81A4 /* Products */;
			projectDirPath = "";
			projectRoot = "";
			targets = (
				99E95487293D9680004A81A4 /* GitHubViewApp */,
			);
		};
/* End PBXProject section */

/* Begin PBXResourcesBuildPhase section */
		99E95486293D9680004A81A4 /* Resources */ = {
			isa = PBXResourcesBuildPhase;
			buildActionMask = 2147483647;
			files = (
				99E95498293D9682004A81A4 /* LaunchScreen.storyboard in Resources */,
				99E95495293D9682004A81A4 /* Assets.xcassets in Resources */,
				99E95493293D9680004A81A4 /* GitHubList.storyboard in Resources */,
				99E954C6293DA6DB004A81A4 /* RepositoryTableViewCell.xib in Resources */,
			);
			runOnlyForDeploymentPostprocessing = 0;
		};
/* End PBXResourcesBuildPhase section */

/* Begin PBXSourcesBuildPhase section */
		99E95484293D9680004A81A4 /* Sources */ = {
			isa = PBXSourcesBuildPhase;
			buildActionMask = 2147483647;
			files = (
				99E954CE293DC6A4004A81A4 /* GitHubAPIClient.swift in Sources */,
				99E954D7293DCC77004A81A4 /* SearchResult.swift in Sources */,
				99E95490293D9680004A81A4 /* GitHubListViewController.swift in Sources */,
				99E9548C293D9680004A81A4 /* AppDelegate.swift in Sources */,
				99E9548E293D9680004A81A4 /* SceneDelegate.swift in Sources */,
				99E954C5293DA6DB004A81A4 /* RepositoryTableViewCell.swift in Sources */,
				99E954D5293DCC51004A81A4 /* Repository.swift in Sources */,
			);
			runOnlyForDeploymentPostprocessing = 0;
		};
/* End PBXSourcesBuildPhase section */

/* Begin PBXVariantGroup section */
		99E95491293D9680004A81A4 /* GitHubList.storyboard */ = {
			isa = PBXVariantGroup;
			children = (
				99E95492293D9680004A81A4 /* Base */,
			);
			name = GitHubList.storyboard;
			sourceTree = "<group>";
		};
		99E95496293D9682004A81A4 /* LaunchScreen.storyboard */ = {
			isa = PBXVariantGroup;
			children = (
				99E95497293D9682004A81A4 /* Base */,
			);
			name = LaunchScreen.storyboard;
			sourceTree = "<group>";
		};
/* End PBXVariantGroup section */

/* Begin XCBuildConfiguration section */
		99E9549A293D9682004A81A4 /* Debug */ = {
			isa = XCBuildConfiguration;
			buildSettings = {
				ALWAYS_SEARCH_USER_PATHS = NO;
				CLANG_ANALYZER_NONNULL = YES;
				CLANG_ANALYZER_NUMBER_OBJECT_CONVERSION = YES_AGGRESSIVE;
				CLANG_CXX_LANGUAGE_STANDARD = "gnu++20";
				CLANG_ENABLE_MODULES = YES;
				CLANG_ENABLE_OBJC_ARC = YES;
				CLANG_ENABLE_OBJC_WEAK = YES;
				CLANG_WARN_BLOCK_CAPTURE_AUTORELEASING = YES;
				CLANG_WARN_BOOL_CONVERSION = YES;
				CLANG_WARN_COMMA = YES;
				CLANG_WARN_CONSTANT_CONVERSION = YES;
				CLANG_WARN_DEPRECATED_OBJC_IMPLEMENTATIONS = YES;
				CLANG_WARN_DIRECT_OBJC_ISA_USAGE = YES_ERROR;
				CLANG_WARN_DOCUMENTATION_COMMENTS = YES;
				CLANG_WARN_EMPTY_BODY = YES;
				CLANG_WARN_ENUM_CONVERSION = YES;
				CLANG_WARN_INFINITE_RECURSION = YES;
				CLANG_WARN_INT_CONVERSION = YES;
				CLANG_WARN_NON_LITERAL_NULL_CONVERSION = YES;
				CLANG_WARN_OBJC_IMPLICIT_RETAIN_SELF = YES;
				CLANG_WARN_OBJC_LITERAL_CONVERSION = YES;
				CLANG_WARN_OBJC_ROOT_CLASS = YES_ERROR;
				CLANG_WARN_QUOTED_INCLUDE_IN_FRAMEWORK_HEADER = YES;
				CLANG_WARN_RANGE_LOOP_ANALYSIS = YES;
				CLANG_WARN_STRICT_PROTOTYPES = YES;
				CLANG_WARN_SUSPICIOUS_MOVE = YES;
				CLANG_WARN_UNGUARDED_AVAILABILITY = YES_AGGRESSIVE;
				CLANG_WARN_UNREACHABLE_CODE = YES;
				CLANG_WARN__DUPLICATE_METHOD_MATCH = YES;
				COPY_PHASE_STRIP = NO;
				DEBUG_INFORMATION_FORMAT = dwarf;
				ENABLE_STRICT_OBJC_MSGSEND = YES;
				ENABLE_TESTABILITY = YES;
				GCC_C_LANGUAGE_STANDARD = gnu11;
				GCC_DYNAMIC_NO_PIC = NO;
				GCC_NO_COMMON_BLOCKS = YES;
				GCC_OPTIMIZATION_LEVEL = 0;
				GCC_PREPROCESSOR_DEFINITIONS = (
					"DEBUG=1",
					"$(inherited)",
				);
				GCC_WARN_64_TO_32_BIT_CONVERSION = YES;
				GCC_WARN_ABOUT_RETURN_TYPE = YES_ERROR;
				GCC_WARN_UNDECLARED_SELECTOR = YES;
				GCC_WARN_UNINITIALIZED_AUTOS = YES_AGGRESSIVE;
				GCC_WARN_UNUSED_FUNCTION = YES;
				GCC_WARN_UNUSED_VARIABLE = YES;
				IPHONEOS_DEPLOYMENT_TARGET = 16.1;
				MTL_ENABLE_DEBUG_INFO = INCLUDE_SOURCE;
				MTL_FAST_MATH = YES;
				ONLY_ACTIVE_ARCH = YES;
				SDKROOT = iphoneos;
				SWIFT_ACTIVE_COMPILATION_CONDITIONS = DEBUG;
				SWIFT_OPTIMIZATION_LEVEL = "-Onone";
			};
			name = Debug;
		};
		99E9549B293D9682004A81A4 /* Release */ = {
			isa = XCBuildConfiguration;
			buildSettings = {
				ALWAYS_SEARCH_USER_PATHS = NO;
				CLANG_ANALYZER_NONNULL = YES;
				CLANG_ANALYZER_NUMBER_OBJECT_CONVERSION = YES_AGGRESSIVE;
				CLANG_CXX_LANGUAGE_STANDARD = "gnu++20";
				CLANG_ENABLE_MODULES = YES;
				CLANG_ENABLE_OBJC_ARC = YES;
				CLANG_ENABLE_OBJC_WEAK = YES;
				CLANG_WARN_BLOCK_CAPTURE_AUTORELEASING = YES;
				CLANG_WARN_BOOL_CONVERSION = YES;
				CLANG_WARN_COMMA = YES;
				CLANG_WARN_CONSTANT_CONVERSION = YES;
				CLANG_WARN_DEPRECATED_OBJC_IMPLEMENTATIONS = YES;
				CLANG_WARN_DIRECT_OBJC_ISA_USAGE = YES_ERROR;
				CLANG_WARN_DOCUMENTATION_COMMENTS = YES;
				CLANG_WARN_EMPTY_BODY = YES;
				CLANG_WARN_ENUM_CONVERSION = YES;
				CLANG_WARN_INFINITE_RECURSION = YES;
				CLANG_WARN_INT_CONVERSION = YES;
				CLANG_WARN_NON_LITERAL_NULL_CONVERSION = YES;
				CLANG_WARN_OBJC_IMPLICIT_RETAIN_SELF = YES;
				CLANG_WARN_OBJC_LITERAL_CONVERSION = YES;
				CLANG_WARN_OBJC_ROOT_CLASS = YES_ERROR;
				CLANG_WARN_QUOTED_INCLUDE_IN_FRAMEWORK_HEADER = YES;
				CLANG_WARN_RANGE_LOOP_ANALYSIS = YES;
				CLANG_WARN_STRICT_PROTOTYPES = YES;
				CLANG_WARN_SUSPICIOUS_MOVE = YES;
				CLANG_WARN_UNGUARDED_AVAILABILITY = YES_AGGRESSIVE;
				CLANG_WARN_UNREACHABLE_CODE = YES;
				CLANG_WARN__DUPLICATE_METHOD_MATCH = YES;
				COPY_PHASE_STRIP = NO;
				DEBUG_INFORMATION_FORMAT = "dwarf-with-dsym";
				ENABLE_NS_ASSERTIONS = NO;
				ENABLE_STRICT_OBJC_MSGSEND = YES;
				GCC_C_LANGUAGE_STANDARD = gnu11;
				GCC_NO_COMMON_BLOCKS = YES;
				GCC_WARN_64_TO_32_BIT_CONVERSION = YES;
				GCC_WARN_ABOUT_RETURN_TYPE = YES_ERROR;
				GCC_WARN_UNDECLARED_SELECTOR = YES;
				GCC_WARN_UNINITIALIZED_AUTOS = YES_AGGRESSIVE;
				GCC_WARN_UNUSED_FUNCTION = YES;
				GCC_WARN_UNUSED_VARIABLE = YES;
				IPHONEOS_DEPLOYMENT_TARGET = 16.1;
				MTL_ENABLE_DEBUG_INFO = NO;
				MTL_FAST_MATH = YES;
				SDKROOT = iphoneos;
				SWIFT_COMPILATION_MODE = wholemodule;
				SWIFT_OPTIMIZATION_LEVEL = "-O";
				VALIDATE_PRODUCT = YES;
			};
			name = Release;
		};
		99E9549D293D9682004A81A4 /* Debug */ = {
			isa = XCBuildConfiguration;
			buildSettings = {
				ASSETCATALOG_COMPILER_APPICON_NAME = AppIcon;
				ASSETCATALOG_COMPILER_GLOBAL_ACCENT_COLOR_NAME = AccentColor;
				CODE_SIGN_STYLE = Automatic;
				CURRENT_PROJECT_VERSION = 1;
				DEVELOPMENT_TEAM = V72ZBA3KW6;
				GENERATE_INFOPLIST_FILE = YES;
				INFOPLIST_FILE = GitHubViewApp/Info.plist;
				INFOPLIST_KEY_UIApplicationSupportsIndirectInputEvents = YES;
				INFOPLIST_KEY_UILaunchStoryboardName = LaunchScreen;
				INFOPLIST_KEY_UIMainStoryboardFile = GitHubList;
				INFOPLIST_KEY_UISupportedInterfaceOrientations_iPad = "UIInterfaceOrientationPortrait UIInterfaceOrientationPortraitUpsideDown UIInterfaceOrientationLandscapeLeft UIInterfaceOrientationLandscapeRight";
				INFOPLIST_KEY_UISupportedInterfaceOrientations_iPhone = "UIInterfaceOrientationPortrait UIInterfaceOrientationLandscapeLeft UIInterfaceOrientationLandscapeRight";
				LD_RUNPATH_SEARCH_PATHS = (
					"$(inherited)",
					"@executable_path/Frameworks",
				);
				MARKETING_VERSION = 1.0;
				PRODUCT_BUNDLE_IDENTIFIER = jp.arsaga.tabuchi.hisatoshi.GitHubViewApp;
				PRODUCT_NAME = "$(TARGET_NAME)";
				SWIFT_EMIT_LOC_STRINGS = YES;
				SWIFT_VERSION = 5.0;
				TARGETED_DEVICE_FAMILY = "1,2";
			};
			name = Debug;
		};
		99E9549E293D9682004A81A4 /* Release */ = {
			isa = XCBuildConfiguration;
			buildSettings = {
				ASSETCATALOG_COMPILER_APPICON_NAME = AppIcon;
				ASSETCATALOG_COMPILER_GLOBAL_ACCENT_COLOR_NAME = AccentColor;
				CODE_SIGN_STYLE = Automatic;
				CURRENT_PROJECT_VERSION = 1;
				DEVELOPMENT_TEAM = V72ZBA3KW6;
				GENERATE_INFOPLIST_FILE = YES;
				INFOPLIST_FILE = GitHubViewApp/Info.plist;
				INFOPLIST_KEY_UIApplicationSupportsIndirectInputEvents = YES;
				INFOPLIST_KEY_UILaunchStoryboardName = LaunchScreen;
				INFOPLIST_KEY_UIMainStoryboardFile = GitHubList;
				INFOPLIST_KEY_UISupportedInterfaceOrientations_iPad = "UIInterfaceOrientationPortrait UIInterfaceOrientationPortraitUpsideDown UIInterfaceOrientationLandscapeLeft UIInterfaceOrientationLandscapeRight";
				INFOPLIST_KEY_UISupportedInterfaceOrientations_iPhone = "UIInterfaceOrientationPortrait UIInterfaceOrientationLandscapeLeft UIInterfaceOrientationLandscapeRight";
				LD_RUNPATH_SEARCH_PATHS = (
					"$(inherited)",
					"@executable_path/Frameworks",
				);
				MARKETING_VERSION = 1.0;
				PRODUCT_BUNDLE_IDENTIFIER = jp.arsaga.tabuchi.hisatoshi.GitHubViewApp;
				PRODUCT_NAME = "$(TARGET_NAME)";
				SWIFT_EMIT_LOC_STRINGS = YES;
				SWIFT_VERSION = 5.0;
				TARGETED_DEVICE_FAMILY = "1,2";
			};
			name = Release;
		};
/* End XCBuildConfiguration section */

/* Begin XCConfigurationList section */
		99E95483293D9680004A81A4 /* Build configuration list for PBXProject "GitHubViewApp" */ = {
			isa = XCConfigurationList;
			buildConfigurations = (
				99E9549A293D9682004A81A4 /* Debug */,
				99E9549B293D9682004A81A4 /* Release */,
			);
			defaultConfigurationIsVisible = 0;
			defaultConfigurationName = Release;
		};
		99E9549C293D9682004A81A4 /* Build configuration list for PBXNativeTarget "GitHubViewApp" */ = {
			isa = XCConfigurationList;
			buildConfigurations = (
				99E9549D293D9682004A81A4 /* Debug */,
				99E9549E293D9682004A81A4 /* Release */,
			);
			defaultConfigurationIsVisible = 0;
			defaultConfigurationName = Release;
		};
/* End XCConfigurationList section */

/* Begin XCRemoteSwiftPackageReference section */
		99E954C9293DC5E3004A81A4 /* XCRemoteSwiftPackageReference "Alamofire" */ = {
			isa = XCRemoteSwiftPackageReference;
			repositoryURL = "https://github.com/Alamofire/Alamofire.git";
			requirement = {
				kind = upToNextMajorVersion;
				minimumVersion = 5.6.1;
			};
		};
/* End XCRemoteSwiftPackageReference section */

/* Begin XCSwiftPackageProductDependency section */
		99E954CA293DC5E3004A81A4 /* Alamofire */ = {
			isa = XCSwiftPackageProductDependency;
			package = 99E954C9293DC5E3004A81A4 /* XCRemoteSwiftPackageReference "Alamofire" */;
			productName = Alamofire;
		};
/* End XCSwiftPackageProductDependency section */
	};
	rootObject = 99E95480293D9680004A81A4 /* Project object */;
}
